
Microsoft Visual Studio Solution File, Format Version 12.00
# Visual Studio Version 16
VisualStudioVersion = 16.0.29326.143
MinimumVisualStudioVersion = 10.0.40219.1
Project("{9A19103F-16F7-4668-BE54-9A1E7A4F7556}") = "LitHub", "LitHub\LitHub.csproj", "{EFA9A8C1-F4DF-48EB-ACAE-9975276B552C}"
EndProject
Project("{9A19103F-16F7-4668-BE54-9A1E7A4F7556}") = "TEstApp", "TEstApp\TEstApp.csproj", "{CACD77FD-850F-4509-B503-9E73B4AE2C63}"
EndProject
Project("{9A19103F-16F7-4668-BE54-9A1E7A4F7556}") = "DB", "DB\DB.csproj", "{FD370D74-ACAA-452B-AD6C-DBC47555C73A}"
EndProject
Project("{9A19103F-16F7-4668-BE54-9A1E7A4F7556}") = "Contract", "Contract\Contract.csproj", "{0C9EA541-C86F-433E-A88D-3861BE920FFD}"
EndProject
Project("{9A19103F-16F7-4668-BE54-9A1E7A4F7556}") = "Service", "Service\Service.csproj", "{5574545C-9611-48B7-AA26-D2E1CB36E7F3}"
EndProject
Project("{9A19103F-16F7-4668-BE54-9A1E7A4F7556}") = "DeployLib", "DeployLib\DeployLib.csproj", "{EDC5B98B-FC0C-4D24-AAA7-EF1717B2BFC2}"
EndProject
Project("{9A19103F-16F7-4668-BE54-9A1E7A4F7556}") = "Common", "Common\Common.csproj", "{EBAB357D-0B93-47D5-B815-4BBB2928EC1A}"
EndProject
Project("{FAE04EC0-301F-11D3-BF4B-00C04F79EFBC}") = "LitHubClient", "LitHubClient\LitHubClient.csproj", "{45B36411-6981-4563-B0B4-BF72F01EB876}"
EndProject
Global
	GlobalSection(SolutionConfigurationPlatforms) = preSolution
		Debug|Any CPU = Debug|Any CPU
		Release|Any CPU = Release|Any CPU
	EndGlobalSection
	GlobalSection(ProjectConfigurationPlatforms) = postSolution
		{EFA9A8C1-F4DF-48EB-ACAE-9975276B552C}.Debug|Any CPU.ActiveCfg = Debug|Any CPU
		{EFA9A8C1-F4DF-48EB-ACAE-9975276B552C}.Debug|Any CPU.Build.0 = Debug|Any CPU
		{EFA9A8C1-F4DF-48EB-ACAE-9975276B552C}.Release|Any CPU.ActiveCfg = Release|Any CPU
		{EFA9A8C1-F4DF-48EB-ACAE-9975276B552C}.Release|Any CPU.Build.0 = Release|Any CPU
		{CACD77FD-850F-4509-B503-9E73B4AE2C63}.Debug|Any CPU.ActiveCfg = Debug|Any CPU
		{CACD77FD-850F-4509-B503-9E73B4AE2C63}.Debug|Any CPU.Build.0 = Debug|Any CPU
		{CACD77FD-850F-4509-B503-9E73B4AE2C63}.Release|Any CPU.ActiveCfg = Release|Any CPU
		{CACD77FD-850F-4509-B503-9E73B4AE2C63}.Release|Any CPU.Build.0 = Release|Any CPU
		{FD370D74-ACAA-452B-AD6C-DBC47555C73A}.Debug|Any CPU.ActiveCfg = Debug|Any CPU
		{FD370D74-ACAA-452B-AD6C-DBC47555C73A}.Debug|Any CPU.Build.0 = Debug|Any CPU
		{FD370D74-ACAA-452B-AD6C-DBC47555C73A}.Release|Any CPU.ActiveCfg = Release|Any CPU
		{FD370D74-ACAA-452B-AD6C-DBC47555C73A}.Release|Any CPU.Build.0 = Release|Any CPU
		{0C9EA541-C86F-433E-A88D-3861BE920FFD}.Debug|Any CPU.ActiveCfg = Debug|Any CPU
		{0C9EA541-C86F-433E-A88D-3861BE920FFD}.Debug|Any CPU.Build.0 = Debug|Any CPU
		{0C9EA541-C86F-433E-A88D-3861BE920FFD}.Release|Any CPU.ActiveCfg = Release|Any CPU
		{0C9EA541-C86F-433E-A88D-3861BE920FFD}.Release|Any CPU.Build.0 = Release|Any CPU
		{5574545C-9611-48B7-AA26-D2E1CB36E7F3}.Debug|Any CPU.ActiveCfg = Debug|Any CPU
		{5574545C-9611-48B7-AA26-D2E1CB36E7F3}.Debug|Any CPU.Build.0 = Debug|Any CPU
		{5574545C-9611-48B7-AA26-D2E1CB36E7F3}.Release|Any CPU.ActiveCfg = Release|Any CPU
		{5574545C-9611-48B7-AA26-D2E1CB36E7F3}.Release|Any CPU.Build.0 = Release|Any CPU
		{EDC5B98B-FC0C-4D24-AAA7-EF1717B2BFC2}.Debug|Any CPU.ActiveCfg = Debug|Any CPU
		{EDC5B98B-FC0C-4D24-AAA7-EF1717B2BFC2}.Debug|Any CPU.Build.0 = Debug|Any CPU
		{EDC5B98B-FC0C-4D24-AAA7-EF1717B2BFC2}.Release|Any CPU.ActiveCfg = Release|Any CPU
		{EDC5B98B-FC0C-4D24-AAA7-EF1717B2BFC2}.Release|Any CPU.Build.0 = Release|Any CPU
		{EBAB357D-0B93-47D5-B815-4BBB2928EC1A}.Debug|Any CPU.ActiveCfg = Debug|Any CPU
		{EBAB357D-0B93-47D5-B815-4BBB2928EC1A}.Debug|Any CPU.Build.0 = Debug|Any CPU
		{EBAB357D-0B93-47D5-B815-4BBB2928EC1A}.Release|Any CPU.ActiveCfg = Release|Any CPU
		{EBAB357D-0B93-47D5-B815-4BBB2928EC1A}.Release|Any CPU.Build.0 = Release|Any CPU
		{45B36411-6981-4563-B0B4-BF72F01EB876}.Debug|Any CPU.ActiveCfg = Debug|Any CPU
		{45B36411-6981-4563-B0B4-BF72F01EB876}.Debug|Any CPU.Build.0 = Debug|Any CPU
		{45B36411-6981-4563-B0B4-BF72F01EB876}.Release|Any CPU.ActiveCfg = Release|Any CPU
		{45B36411-6981-4563-B0B4-BF72F01EB876}.Release|Any CPU.Build.0 = Release|Any CPU
	EndGlobalSection
	GlobalSection(SolutionProperties) = preSolution
		HideSolutionNode = FALSE
	EndGlobalSection
	GlobalSection(ExtensibilityGlobals) = postSolution
		SolutionGuid = {1D9B9843-6E84-4903-B218-F9D2439E0922}
	EndGlobalSection
EndGlobal
